// !$*UTF8*$!
{
	archiveVersion = 1;
	classes = {
	};
	objectVersion = 77;
	objects = {

/* Begin PBXBuildFile section */
		61446F822CDC78340047ADCD /* Preview Assets.xcassets in Resources */ = {isa = PBXBuildFile; fileRef = 61446F772CDC78340047ADCD /* Preview Assets.xcassets */; };
		61446F832CDC78340047ADCD /* Assets.xcassets in Resources */ = {isa = PBXBuildFile; fileRef = 61446F7E2CDC78340047ADCD /* Assets.xcassets */; };
		61446F842CDC78340047ADCD /* ComingTravel.swift in Sources */ = {isa = PBXBuildFile; fileRef = 61446F792CDC78340047ADCD /* ComingTravel.swift */; };
		61446F852CDC78340047ADCD /* MainView.swift in Sources */ = {isa = PBXBuildFile; fileRef = 61446F7A2CDC78340047ADCD /* MainView.swift */; };
		61446F862CDC78340047ADCD /* PastTravel.swift in Sources */ = {isa = PBXBuildFile; fileRef = 61446F7B2CDC78340047ADCD /* PastTravel.swift */; };
		61446F872CDC78340047ADCD /* RoadLineApp.swift in Sources */ = {isa = PBXBuildFile; fileRef = 61446F802CDC78340047ADCD /* RoadLineApp.swift */; };
		61446F8B2CDC7EA80047ADCD /* PastTravelRow.swift in Sources */ = {isa = PBXBuildFile; fileRef = 61446F8A2CDC7EA80047ADCD /* PastTravelRow.swift */; };
		61446F8D2CDC87C50047ADCD /* ComingTravelRow.swift in Sources */ = {isa = PBXBuildFile; fileRef = 61446F8C2CDC87C50047ADCD /* ComingTravelRow.swift */; };
		61446F8F2CDC8C230047ADCD /* TitleView.swift in Sources */ = {isa = PBXBuildFile; fileRef = 61446F8E2CDC8C230047ADCD /* TitleView.swift */; };
		61446F932CDDBDED0047ADCD /* AddTravel.swift in Sources */ = {isa = PBXBuildFile; fileRef = 61446F922CDDBDED0047ADCD /* AddTravel.swift */; };
		61446F992CDDCC630047ADCD /* CalendarView.swift in Sources */ = {isa = PBXBuildFile; fileRef = 61446F982CDDCC630047ADCD /* CalendarView.swift */; };
		61446F9E2CE192310047ADCD /* Itinerary.swift in Sources */ = {isa = PBXBuildFile; fileRef = 61446F9D2CE192310047ADCD /* Itinerary.swift */; };
		61446FA32CE19B8E0047ADCD /* Formatter.swift in Sources */ = {isa = PBXBuildFile; fileRef = 61446FA22CE19B8E0047ADCD /* Formatter.swift */; };
		61446FA82CE300340047ADCD /* RealmSwift in Frameworks */ = {isa = PBXBuildFile; productRef = 61446FA72CE300340047ADCD /* RealmSwift */; };
		61446FA92CE3032D0047ADCD /* RealmSwift in Embed Frameworks */ = {isa = PBXBuildFile; productRef = 61446FA72CE300340047ADCD /* RealmSwift */; settings = {ATTRIBUTES = (CodeSignOnCopy, ); }; };
		61446FAC2CE39CA80047ADCD /* RealmManager.swift in Sources */ = {isa = PBXBuildFile; fileRef = 61446FAB2CE39CA80047ADCD /* RealmManager.swift */; };
		61446FAE2CE39CC80047ADCD /* TravelRepository.swift in Sources */ = {isa = PBXBuildFile; fileRef = 61446FAD2CE39CC80047ADCD /* TravelRepository.swift */; };
		61B239382D59D19100F82C59 /* TravelFeature.swift in Sources */ = {isa = PBXBuildFile; fileRef = 61B239372D59D19100F82C59 /* TravelFeature.swift */; };
		61B239422D59D2D000F82C59 /* TravelModel.swift in Sources */ = {isa = PBXBuildFile; fileRef = 61B239412D59D2D000F82C59 /* TravelModel.swift */; };
		61B239452D59D4AC00F82C59 /* ComposableArchitecture in Frameworks */ = {isa = PBXBuildFile; productRef = 61B239442D59D4AC00F82C59 /* ComposableArchitecture */; };
/* End PBXBuildFile section */

/* Begin PBXCopyFilesBuildPhase section */
		61446FAA2CE3032D0047ADCD /* Embed Frameworks */ = {
			isa = PBXCopyFilesBuildPhase;
			buildActionMask = 2147483647;
			dstPath = "";
			dstSubfolderSpec = 10;
			files = (
				61446FA92CE3032D0047ADCD /* RealmSwift in Embed Frameworks */,
			);
			name = "Embed Frameworks";
			runOnlyForDeploymentPostprocessing = 0;
		};
/* End PBXCopyFilesBuildPhase section */

/* Begin PBXFileReference section */
		61446F772CDC78340047ADCD /* Preview Assets.xcassets */ = {isa = PBXFileReference; lastKnownFileType = folder.assetcatalog; path = "Preview Assets.xcassets"; sourceTree = "<group>"; };
		61446F792CDC78340047ADCD /* ComingTravel.swift */ = {isa = PBXFileReference; lastKnownFileType = sourcecode.swift; path = ComingTravel.swift; sourceTree = "<group>"; };
		61446F7A2CDC78340047ADCD /* MainView.swift */ = {isa = PBXFileReference; lastKnownFileType = sourcecode.swift; path = MainView.swift; sourceTree = "<group>"; };
		61446F7B2CDC78340047ADCD /* PastTravel.swift */ = {isa = PBXFileReference; lastKnownFileType = sourcecode.swift; path = PastTravel.swift; sourceTree = "<group>"; };
		61446F7E2CDC78340047ADCD /* Assets.xcassets */ = {isa = PBXFileReference; lastKnownFileType = folder.assetcatalog; path = Assets.xcassets; sourceTree = "<group>"; };
		61446F7F2CDC78340047ADCD /* RoadLine.entitlements */ = {isa = PBXFileReference; lastKnownFileType = text.plist.entitlements; path = RoadLine.entitlements; sourceTree = "<group>"; };
		61446F802CDC78340047ADCD /* RoadLineApp.swift */ = {isa = PBXFileReference; lastKnownFileType = sourcecode.swift; path = RoadLineApp.swift; sourceTree = "<group>"; };
		61446F8A2CDC7EA80047ADCD /* PastTravelRow.swift */ = {isa = PBXFileReference; lastKnownFileType = sourcecode.swift; path = PastTravelRow.swift; sourceTree = "<group>"; };
		61446F8C2CDC87C50047ADCD /* ComingTravelRow.swift */ = {isa = PBXFileReference; lastKnownFileType = sourcecode.swift; path = ComingTravelRow.swift; sourceTree = "<group>"; };
		61446F8E2CDC8C230047ADCD /* TitleView.swift */ = {isa = PBXFileReference; lastKnownFileType = sourcecode.swift; path = TitleView.swift; sourceTree = "<group>"; };
		61446F922CDDBDED0047ADCD /* AddTravel.swift */ = {isa = PBXFileReference; lastKnownFileType = sourcecode.swift; path = AddTravel.swift; sourceTree = "<group>"; };
		61446F982CDDCC630047ADCD /* CalendarView.swift */ = {isa = PBXFileReference; lastKnownFileType = sourcecode.swift; path = CalendarView.swift; sourceTree = "<group>"; };
		61446F9D2CE192310047ADCD /* Itinerary.swift */ = {isa = PBXFileReference; lastKnownFileType = sourcecode.swift; path = Itinerary.swift; sourceTree = "<group>"; };
		61446FA22CE19B8E0047ADCD /* Formatter.swift */ = {isa = PBXFileReference; lastKnownFileType = sourcecode.swift; path = Formatter.swift; sourceTree = "<group>"; };
		61446FAB2CE39CA80047ADCD /* RealmManager.swift */ = {isa = PBXFileReference; lastKnownFileType = sourcecode.swift; path = RealmManager.swift; sourceTree = "<group>"; };
		61446FAD2CE39CC80047ADCD /* TravelRepository.swift */ = {isa = PBXFileReference; lastKnownFileType = sourcecode.swift; path = TravelRepository.swift; sourceTree = "<group>"; };
		61B239372D59D19100F82C59 /* TravelFeature.swift */ = {isa = PBXFileReference; lastKnownFileType = sourcecode.swift; path = TravelFeature.swift; sourceTree = "<group>"; };
		61B239412D59D2D000F82C59 /* TravelModel.swift */ = {isa = PBXFileReference; lastKnownFileType = sourcecode.swift; path = TravelModel.swift; sourceTree = "<group>"; };
		61FC77EB2CD9FB5B00A2FADD /* RoadLine.app */ = {isa = PBXFileReference; explicitFileType = wrapper.application; includeInIndex = 0; path = RoadLine.app; sourceTree = BUILT_PRODUCTS_DIR; };
/* End PBXFileReference section */

/* Begin PBXFrameworksBuildPhase section */
		61FC77E82CD9FB5B00A2FADD /* Frameworks */ = {
			isa = PBXFrameworksBuildPhase;
			buildActionMask = 2147483647;
			files = (
				61B239452D59D4AC00F82C59 /* ComposableArchitecture in Frameworks */,
				61446FA82CE300340047ADCD /* RealmSwift in Frameworks */,
			);
			runOnlyForDeploymentPostprocessing = 0;
		};
/* End PBXFrameworksBuildPhase section */

/* Begin PBXGroup section */
		61446F782CDC78340047ADCD /* Preview Content */ = {
			isa = PBXGroup;
			children = (
				61446F772CDC78340047ADCD /* Preview Assets.xcassets */,
			);
			path = "Preview Content";
			sourceTree = "<group>";
		};
		61446F7C2CDC78340047ADCD /* Views */ = {
			isa = PBXGroup;
			children = (
				61446F7A2CDC78340047ADCD /* MainView.swift */,
				61446F8E2CDC8C230047ADCD /* TitleView.swift */,
				61B239492D59DEB500F82C59 /* Travels */,
				61B2394A2D59DF0100F82C59 /* Itineraries */,
			);
			path = Views;
			sourceTree = "<group>";
		};
		61446F812CDC78340047ADCD /* RoadLine */ = {
			isa = PBXGroup;
			children = (
				61446F9C2CE18DB70047ADCD /* App */,
				61B239312D59D02400F82C59 /* Features */,
				61B2393F2D59D27800F82C59 /* Services */,
				61B239322D59D03200F82C59 /* Shared */,
				61B239332D59D04C00F82C59 /* Resources */,
				61B239342D59D05D00F82C59 /* Tests */,
				61446F782CDC78340047ADCD /* Preview Content */,
				61446F7F2CDC78340047ADCD /* RoadLine.entitlements */,
			);
			path = RoadLine;
			sourceTree = "<group>";
		};
		61446F9C2CE18DB70047ADCD /* App */ = {
			isa = PBXGroup;
			children = (
				61446F802CDC78340047ADCD /* RoadLineApp.swift */,
			);
			path = App;
			sourceTree = "<group>";
		};
		61446F9F2CE19B410047ADCD /* Utilities */ = {
			isa = PBXGroup;
			children = (
				61446FA22CE19B8E0047ADCD /* Formatter.swift */,
			);
			path = Utilities;
			sourceTree = "<group>";
		};
		61B239312D59D02400F82C59 /* Features */ = {
			isa = PBXGroup;
			children = (
				61B239362D59D17A00F82C59 /* Travel */,
			);
			path = Features;
			sourceTree = "<group>";
		};
		61B239322D59D03200F82C59 /* Shared */ = {
			isa = PBXGroup;
			children = (
				61B239352D59D0BD00F82C59 /* Components */,
				61446F9F2CE19B410047ADCD /* Utilities */,
			);
			path = Shared;
			sourceTree = "<group>";
		};
		61B239332D59D04C00F82C59 /* Resources */ = {
			isa = PBXGroup;
			children = (
				61446F7E2CDC78340047ADCD /* Assets.xcassets */,
			);
			path = Resources;
			sourceTree = "<group>";
		};
		61B239342D59D05D00F82C59 /* Tests */ = {
			isa = PBXGroup;
			children = (
			);
			path = Tests;
			sourceTree = "<group>";
		};
		61B239352D59D0BD00F82C59 /* Components */ = {
			isa = PBXGroup;
			children = (
			);
			path = Components;
			sourceTree = "<group>";
		};
		61B239362D59D17A00F82C59 /* Travel */ = {
			isa = PBXGroup;
			children = (
				61B2393D2D59D25D00F82C59 /* Core */,
				61B239462D59D5C300F82C59 /* Data */,
				61446F7C2CDC78340047ADCD /* Views */,
			);
			path = Travel;
			sourceTree = "<group>";
		};
		61B2393D2D59D25D00F82C59 /* Core */ = {
			isa = PBXGroup;
			children = (
				61B239372D59D19100F82C59 /* TravelFeature.swift */,
			);
			path = Core;
			sourceTree = "<group>";
		};
		61B2393F2D59D27800F82C59 /* Services */ = {
			isa = PBXGroup;
			children = (
				61B239402D59D28B00F82C59 /* Realm */,
			);
			path = Services;
			sourceTree = "<group>";
		};
		61B239402D59D28B00F82C59 /* Realm */ = {
			isa = PBXGroup;
			children = (
				61446FAB2CE39CA80047ADCD /* RealmManager.swift */,
			);
			path = Realm;
			sourceTree = "<group>";
		};
		61B239462D59D5C300F82C59 /* Data */ = {
			isa = PBXGroup;
			children = (
				61B239412D59D2D000F82C59 /* TravelModel.swift */,
				61446FAD2CE39CC80047ADCD /* TravelRepository.swift */,
			);
			path = Data;
			sourceTree = "<group>";
		};
		61B239492D59DEB500F82C59 /* Travels */ = {
			isa = PBXGroup;
			children = (
				61446F922CDDBDED0047ADCD /* AddTravel.swift */,
				61446F792CDC78340047ADCD /* ComingTravel.swift */,
				61446F8C2CDC87C50047ADCD /* ComingTravelRow.swift */,
				61446F7B2CDC78340047ADCD /* PastTravel.swift */,
				61446F8A2CDC7EA80047ADCD /* PastTravelRow.swift */,
				61446F982CDDCC630047ADCD /* CalendarView.swift */,
			);
			path = Travels;
			sourceTree = "<group>";
		};
		61B2394A2D59DF0100F82C59 /* Itineraries */ = {
			isa = PBXGroup;
			children = (
				61446F9D2CE192310047ADCD /* Itinerary.swift */,
			);
			path = Itineraries;
			sourceTree = "<group>";
		};
		61FC77E22CD9FB5B00A2FADD = {
			isa = PBXGroup;
			children = (
				61446F812CDC78340047ADCD /* RoadLine */,
				61FC77EC2CD9FB5B00A2FADD /* Products */,
			);
			sourceTree = "<group>";
		};
		61FC77EC2CD9FB5B00A2FADD /* Products */ = {
			isa = PBXGroup;
			children = (
				61FC77EB2CD9FB5B00A2FADD /* RoadLine.app */,
			);
			name = Products;
			sourceTree = "<group>";
		};
/* End PBXGroup section */

/* Begin PBXNativeTarget section */
		61FC77EA2CD9FB5B00A2FADD /* RoadLine */ = {
			isa = PBXNativeTarget;
			buildConfigurationList = 61FC77FA2CD9FB5C00A2FADD /* Build configuration list for PBXNativeTarget "RoadLine" */;
			buildPhases = (
				61FC77E72CD9FB5B00A2FADD /* Sources */,
				61FC77E82CD9FB5B00A2FADD /* Frameworks */,
				61FC77E92CD9FB5B00A2FADD /* Resources */,
				61446FAA2CE3032D0047ADCD /* Embed Frameworks */,
			);
			buildRules = (
			);
			dependencies = (
			);
			name = RoadLine;
			packageProductDependencies = (
				61446FA72CE300340047ADCD /* RealmSwift */,
				61B239442D59D4AC00F82C59 /* ComposableArchitecture */,
			);
			productName = RoadLine;
			productReference = 61FC77EB2CD9FB5B00A2FADD /* RoadLine.app */;
			productType = "com.apple.product-type.application";
		};
/* End PBXNativeTarget section */

/* Begin PBXProject section */
		61FC77E32CD9FB5B00A2FADD /* Project object */ = {
			isa = PBXProject;
			attributes = {
				BuildIndependentTargetsInParallel = 1;
				LastSwiftUpdateCheck = 1610;
				LastUpgradeCheck = 1620;
				TargetAttributes = {
					61FC77EA2CD9FB5B00A2FADD = {
						CreatedOnToolsVersion = 16.1;
					};
				};
			};
			buildConfigurationList = 61FC77E62CD9FB5B00A2FADD /* Build configuration list for PBXProject "RoadLine" */;
			developmentRegion = en;
			hasScannedForEncodings = 0;
			knownRegions = (
				en,
				Base,
			);
			mainGroup = 61FC77E22CD9FB5B00A2FADD;
			minimizedProjectReferenceProxies = 1;
			packageReferences = (
				61446FA42CE300340047ADCD /* XCRemoteSwiftPackageReference "realm-swift" */,
				61B239432D59D4AC00F82C59 /* XCRemoteSwiftPackageReference "swift-composable-architecture" */,
			);
			preferredProjectObjectVersion = 77;
			productRefGroup = 61FC77EC2CD9FB5B00A2FADD /* Products */;
			projectDirPath = "";
			projectRoot = "";
			targets = (
				61FC77EA2CD9FB5B00A2FADD /* RoadLine */,
			);
		};
/* End PBXProject section */

/* Begin PBXResourcesBuildPhase section */
		61FC77E92CD9FB5B00A2FADD /* Resources */ = {
			isa = PBXResourcesBuildPhase;
			buildActionMask = 2147483647;
			files = (
				61446F822CDC78340047ADCD /* Preview Assets.xcassets in Resources */,
				61446F832CDC78340047ADCD /* Assets.xcassets in Resources */,
			);
			runOnlyForDeploymentPostprocessing = 0;
		};
/* End PBXResourcesBuildPhase section */

/* Begin PBXSourcesBuildPhase section */
		61FC77E72CD9FB5B00A2FADD /* Sources */ = {
			isa = PBXSourcesBuildPhase;
			buildActionMask = 2147483647;
			files = (
				61446FA32CE19B8E0047ADCD /* Formatter.swift in Sources */,
				61446F842CDC78340047ADCD /* ComingTravel.swift in Sources */,
				61446FAE2CE39CC80047ADCD /* TravelRepository.swift in Sources */,
				61446F852CDC78340047ADCD /* MainView.swift in Sources */,
				61446F932CDDBDED0047ADCD /* AddTravel.swift in Sources */,
				61446F8B2CDC7EA80047ADCD /* PastTravelRow.swift in Sources */,
				61B239422D59D2D000F82C59 /* TravelModel.swift in Sources */,
				61446F992CDDCC630047ADCD /* CalendarView.swift in Sources */,
				61446F8F2CDC8C230047ADCD /* TitleView.swift in Sources */,
				61446F8D2CDC87C50047ADCD /* ComingTravelRow.swift in Sources */,
				61446F862CDC78340047ADCD /* PastTravel.swift in Sources */,
				61446F872CDC78340047ADCD /* RoadLineApp.swift in Sources */,
				61446FAC2CE39CA80047ADCD /* RealmManager.swift in Sources */,
				61B239382D59D19100F82C59 /* TravelFeature.swift in Sources */,
				61446F9E2CE192310047ADCD /* Itinerary.swift in Sources */,
			);
			runOnlyForDeploymentPostprocessing = 0;
		};
/* End PBXSourcesBuildPhase section */

/* Begin XCBuildConfiguration section */
		61FC77F82CD9FB5C00A2FADD /* Debug */ = {
			isa = XCBuildConfiguration;
			buildSettings = {
				ALWAYS_SEARCH_USER_PATHS = NO;
				ASSETCATALOG_COMPILER_GENERATE_SWIFT_ASSET_SYMBOL_EXTENSIONS = YES;
				CLANG_ANALYZER_NONNULL = YES;
				CLANG_ANALYZER_NUMBER_OBJECT_CONVERSION = YES_AGGRESSIVE;
				CLANG_CXX_LANGUAGE_STANDARD = "gnu++20";
				CLANG_ENABLE_MODULES = YES;
				CLANG_ENABLE_OBJC_ARC = YES;
				CLANG_ENABLE_OBJC_WEAK = YES;
				CLANG_WARN_BLOCK_CAPTURE_AUTORELEASING = YES;
				CLANG_WARN_BOOL_CONVERSION = YES;
				CLANG_WARN_COMMA = YES;
				CLANG_WARN_CONSTANT_CONVERSION = YES;
				CLANG_WARN_DEPRECATED_OBJC_IMPLEMENTATIONS = YES;
				CLANG_WARN_DIRECT_OBJC_ISA_USAGE = YES_ERROR;
				CLANG_WARN_DOCUMENTATION_COMMENTS = YES;
				CLANG_WARN_EMPTY_BODY = YES;
				CLANG_WARN_ENUM_CONVERSION = YES;
				CLANG_WARN_INFINITE_RECURSION = YES;
				CLANG_WARN_INT_CONVERSION = YES;
				CLANG_WARN_NON_LITERAL_NULL_CONVERSION = YES;
				CLANG_WARN_OBJC_IMPLICIT_RETAIN_SELF = YES;
				CLANG_WARN_OBJC_LITERAL_CONVERSION = YES;
				CLANG_WARN_OBJC_ROOT_CLASS = YES_ERROR;
				CLANG_WARN_QUOTED_INCLUDE_IN_FRAMEWORK_HEADER = YES;
				CLANG_WARN_RANGE_LOOP_ANALYSIS = YES;
				CLANG_WARN_STRICT_PROTOTYPES = YES;
				CLANG_WARN_SUSPICIOUS_MOVE = YES;
				CLANG_WARN_UNGUARDED_AVAILABILITY = YES_AGGRESSIVE;
				CLANG_WARN_UNREACHABLE_CODE = YES;
				CLANG_WARN__DUPLICATE_METHOD_MATCH = YES;
				COPY_PHASE_STRIP = NO;
				DEAD_CODE_STRIPPING = YES;
				DEBUG_INFORMATION_FORMAT = dwarf;
				ENABLE_STRICT_OBJC_MSGSEND = YES;
				ENABLE_TESTABILITY = YES;
				ENABLE_USER_SCRIPT_SANDBOXING = YES;
				GCC_C_LANGUAGE_STANDARD = gnu17;
				GCC_DYNAMIC_NO_PIC = NO;
				GCC_NO_COMMON_BLOCKS = YES;
				GCC_OPTIMIZATION_LEVEL = 0;
				GCC_PREPROCESSOR_DEFINITIONS = (
					"DEBUG=1",
					"$(inherited)",
				);
				GCC_WARN_64_TO_32_BIT_CONVERSION = YES;
				GCC_WARN_ABOUT_RETURN_TYPE = YES_ERROR;
				GCC_WARN_UNDECLARED_SELECTOR = YES;
				GCC_WARN_UNINITIALIZED_AUTOS = YES_AGGRESSIVE;
				GCC_WARN_UNUSED_FUNCTION = YES;
				GCC_WARN_UNUSED_VARIABLE = YES;
				LOCALIZATION_PREFERS_STRING_CATALOGS = YES;
				MTL_ENABLE_DEBUG_INFO = INCLUDE_SOURCE;
				MTL_FAST_MATH = YES;
				ONLY_ACTIVE_ARCH = YES;
				SWIFT_ACTIVE_COMPILATION_CONDITIONS = "DEBUG $(inherited)";
				SWIFT_OPTIMIZATION_LEVEL = "-Onone";
			};
			name = Debug;
		};
		61FC77F92CD9FB5C00A2FADD /* Release */ = {
			isa = XCBuildConfiguration;
			buildSettings = {
				ALWAYS_SEARCH_USER_PATHS = NO;
				ASSETCATALOG_COMPILER_GENERATE_SWIFT_ASSET_SYMBOL_EXTENSIONS = YES;
				CLANG_ANALYZER_NONNULL = YES;
				CLANG_ANALYZER_NUMBER_OBJECT_CONVERSION = YES_AGGRESSIVE;
				CLANG_CXX_LANGUAGE_STANDARD = "gnu++20";
				CLANG_ENABLE_MODULES = YES;
				CLANG_ENABLE_OBJC_ARC = YES;
				CLANG_ENABLE_OBJC_WEAK = YES;
				CLANG_WARN_BLOCK_CAPTURE_AUTORELEASING = YES;
				CLANG_WARN_BOOL_CONVERSION = YES;
				CLANG_WARN_COMMA = YES;
				CLANG_WARN_CONSTANT_CONVERSION = YES;
				CLANG_WARN_DEPRECATED_OBJC_IMPLEMENTATIONS = YES;
				CLANG_WARN_DIRECT_OBJC_ISA_USAGE = YES_ERROR;
				CLANG_WARN_DOCUMENTATION_COMMENTS = YES;
				CLANG_WARN_EMPTY_BODY = YES;
				CLANG_WARN_ENUM_CONVERSION = YES;
				CLANG_WARN_INFINITE_RECURSION = YES;
				CLANG_WARN_INT_CONVERSION = YES;
				CLANG_WARN_NON_LITERAL_NULL_CONVERSION = YES;
				CLANG_WARN_OBJC_IMPLICIT_RETAIN_SELF = YES;
				CLANG_WARN_OBJC_LITERAL_CONVERSION = YES;
				CLANG_WARN_OBJC_ROOT_CLASS = YES_ERROR;
				CLANG_WARN_QUOTED_INCLUDE_IN_FRAMEWORK_HEADER = YES;
				CLANG_WARN_RANGE_LOOP_ANALYSIS = YES;
				CLANG_WARN_STRICT_PROTOTYPES = YES;
				CLANG_WARN_SUSPICIOUS_MOVE = YES;
				CLANG_WARN_UNGUARDED_AVAILABILITY = YES_AGGRESSIVE;
				CLANG_WARN_UNREACHABLE_CODE = YES;
				CLANG_WARN__DUPLICATE_METHOD_MATCH = YES;
				COPY_PHASE_STRIP = NO;
				DEAD_CODE_STRIPPING = YES;
				DEBUG_INFORMATION_FORMAT = "dwarf-with-dsym";
				ENABLE_NS_ASSERTIONS = NO;
				ENABLE_STRICT_OBJC_MSGSEND = YES;
				ENABLE_USER_SCRIPT_SANDBOXING = YES;
				GCC_C_LANGUAGE_STANDARD = gnu17;
				GCC_NO_COMMON_BLOCKS = YES;
				GCC_WARN_64_TO_32_BIT_CONVERSION = YES;
				GCC_WARN_ABOUT_RETURN_TYPE = YES_ERROR;
				GCC_WARN_UNDECLARED_SELECTOR = YES;
				GCC_WARN_UNINITIALIZED_AUTOS = YES_AGGRESSIVE;
				GCC_WARN_UNUSED_FUNCTION = YES;
				GCC_WARN_UNUSED_VARIABLE = YES;
				LOCALIZATION_PREFERS_STRING_CATALOGS = YES;
				MTL_ENABLE_DEBUG_INFO = NO;
				MTL_FAST_MATH = YES;
				SWIFT_COMPILATION_MODE = wholemodule;
			};
			name = Release;
		};
		61FC77FB2CD9FB5C00A2FADD /* Debug */ = {
			isa = XCBuildConfiguration;
			buildSettings = {
				ASSETCATALOG_COMPILER_APPICON_NAME = AppIcon;
				ASSETCATALOG_COMPILER_GLOBAL_ACCENT_COLOR_NAME = AccentColor;
				CODE_SIGN_ENTITLEMENTS = RoadLine/RoadLine.entitlements;
				CODE_SIGN_STYLE = Automatic;
				CURRENT_PROJECT_VERSION = 1;
				DEAD_CODE_STRIPPING = YES;
				DEVELOPMENT_ASSET_PATHS = "\"RoadLine/Preview Content\"";
				DEVELOPMENT_TEAM = NKP7KHA6D7;
				ENABLE_HARDENED_RUNTIME = YES;
				ENABLE_PREVIEWS = YES;
				GENERATE_INFOPLIST_FILE = YES;
				"INFOPLIST_KEY_UIApplicationSceneManifest_Generation[sdk=iphoneos*]" = YES;
				"INFOPLIST_KEY_UIApplicationSceneManifest_Generation[sdk=iphonesimulator*]" = YES;
				"INFOPLIST_KEY_UIApplicationSupportsIndirectInputEvents[sdk=iphoneos*]" = YES;
				"INFOPLIST_KEY_UIApplicationSupportsIndirectInputEvents[sdk=iphonesimulator*]" = YES;
				"INFOPLIST_KEY_UILaunchScreen_Generation[sdk=iphoneos*]" = YES;
				"INFOPLIST_KEY_UILaunchScreen_Generation[sdk=iphonesimulator*]" = YES;
				"INFOPLIST_KEY_UIStatusBarStyle[sdk=iphoneos*]" = UIStatusBarStyleDefault;
				"INFOPLIST_KEY_UIStatusBarStyle[sdk=iphonesimulator*]" = UIStatusBarStyleDefault;
				INFOPLIST_KEY_UISupportedInterfaceOrientations_iPad = "UIInterfaceOrientationPortrait UIInterfaceOrientationPortraitUpsideDown UIInterfaceOrientationLandscapeLeft UIInterfaceOrientationLandscapeRight";
				INFOPLIST_KEY_UISupportedInterfaceOrientations_iPhone = "UIInterfaceOrientationPortrait UIInterfaceOrientationLandscapeLeft UIInterfaceOrientationLandscapeRight";
				IPHONEOS_DEPLOYMENT_TARGET = 18.1;
				LD_RUNPATH_SEARCH_PATHS = "@executable_path/Frameworks";
				"LD_RUNPATH_SEARCH_PATHS[sdk=macosx*]" = "@executable_path/../Frameworks";
				MACOSX_DEPLOYMENT_TARGET = 15.1;
				MARKETING_VERSION = 1.0;
				PRODUCT_BUNDLE_IDENTIFIER = shchoi.RoadLine;
				PRODUCT_NAME = "$(TARGET_NAME)";
				SDKROOT = auto;
				SUPPORTED_PLATFORMS = "iphoneos iphonesimulator macosx xros xrsimulator";
				SWIFT_EMIT_LOC_STRINGS = YES;
				SWIFT_VERSION = 5.0;
				TARGETED_DEVICE_FAMILY = "1,2,7";
				XROS_DEPLOYMENT_TARGET = 2.1;
			};
			name = Debug;
		};
		61FC77FC2CD9FB5C00A2FADD /* Release */ = {
			isa = XCBuildConfiguration;
			buildSettings = {
				ASSETCATALOG_COMPILER_APPICON_NAME = AppIcon;
				ASSETCATALOG_COMPILER_GLOBAL_ACCENT_COLOR_NAME = AccentColor;
				CODE_SIGN_ENTITLEMENTS = RoadLine/RoadLine.entitlements;
				CODE_SIGN_STYLE = Automatic;
				CURRENT_PROJECT_VERSION = 1;
				DEAD_CODE_STRIPPING = YES;
				DEVELOPMENT_ASSET_PATHS = "\"RoadLine/Preview Content\"";
				DEVELOPMENT_TEAM = NKP7KHA6D7;
				ENABLE_HARDENED_RUNTIME = YES;
				ENABLE_PREVIEWS = YES;
				GENERATE_INFOPLIST_FILE = YES;
				"INFOPLIST_KEY_UIApplicationSceneManifest_Generation[sdk=iphoneos*]" = YES;
				"INFOPLIST_KEY_UIApplicationSceneManifest_Generation[sdk=iphonesimulator*]" = YES;
				"INFOPLIST_KEY_UIApplicationSupportsIndirectInputEvents[sdk=iphoneos*]" = YES;
				"INFOPLIST_KEY_UIApplicationSupportsIndirectInputEvents[sdk=iphonesimulator*]" = YES;
				"INFOPLIST_KEY_UILaunchScreen_Generation[sdk=iphoneos*]" = YES;
				"INFOPLIST_KEY_UILaunchScreen_Generation[sdk=iphonesimulator*]" = YES;
				"INFOPLIST_KEY_UIStatusBarStyle[sdk=iphoneos*]" = UIStatusBarStyleDefault;
				"INFOPLIST_KEY_UIStatusBarStyle[sdk=iphonesimulator*]" = UIStatusBarStyleDefault;
				INFOPLIST_KEY_UISupportedInterfaceOrientations_iPad = "UIInterfaceOrientationPortrait UIInterfaceOrientationPortraitUpsideDown UIInterfaceOrientationLandscapeLeft UIInterfaceOrientationLandscapeRight";
				INFOPLIST_KEY_UISupportedInterfaceOrientations_iPhone = "UIInterfaceOrientationPortrait UIInterfaceOrientationLandscapeLeft UIInterfaceOrientationLandscapeRight";
				IPHONEOS_DEPLOYMENT_TARGET = 18.1;
				LD_RUNPATH_SEARCH_PATHS = "@executable_path/Frameworks";
				"LD_RUNPATH_SEARCH_PATHS[sdk=macosx*]" = "@executable_path/../Frameworks";
				MACOSX_DEPLOYMENT_TARGET = 15.1;
				MARKETING_VERSION = 1.0;
				PRODUCT_BUNDLE_IDENTIFIER = shchoi.RoadLine;
				PRODUCT_NAME = "$(TARGET_NAME)";
				SDKROOT = auto;
				SUPPORTED_PLATFORMS = "iphoneos iphonesimulator macosx xros xrsimulator";
				SWIFT_EMIT_LOC_STRINGS = YES;
				SWIFT_VERSION = 5.0;
				TARGETED_DEVICE_FAMILY = "1,2,7";
				XROS_DEPLOYMENT_TARGET = 2.1;
			};
			name = Release;
		};
/* End XCBuildConfiguration section */

/* Begin XCConfigurationList section */
		61FC77E62CD9FB5B00A2FADD /* Build configuration list for PBXProject "RoadLine" */ = {
			isa = XCConfigurationList;
			buildConfigurations = (
				61FC77F82CD9FB5C00A2FADD /* Debug */,
				61FC77F92CD9FB5C00A2FADD /* Release */,
			);
			defaultConfigurationIsVisible = 0;
			defaultConfigurationName = Release;
		};
		61FC77FA2CD9FB5C00A2FADD /* Build configuration list for PBXNativeTarget "RoadLine" */ = {
			isa = XCConfigurationList;
			buildConfigurations = (
				61FC77FB2CD9FB5C00A2FADD /* Debug */,
				61FC77FC2CD9FB5C00A2FADD /* Release */,
			);
			defaultConfigurationIsVisible = 0;
			defaultConfigurationName = Release;
		};
/* End XCConfigurationList section */

/* Begin XCRemoteSwiftPackageReference section */
		61446FA42CE300340047ADCD /* XCRemoteSwiftPackageReference "realm-swift" */ = {
			isa = XCRemoteSwiftPackageReference;
			repositoryURL = "https://github.com/realm/realm-swift";
			requirement = {
				branch = master;
				kind = branch;
			};
		};
		61B239432D59D4AC00F82C59 /* XCRemoteSwiftPackageReference "swift-composable-architecture" */ = {
			isa = XCRemoteSwiftPackageReference;
			repositoryURL = "https://github.com/pointfreeco/swift-composable-architecture";
			requirement = {
				kind = upToNextMajorVersion;
				minimumVersion = 1.17.1;
			};
		};
/* End XCRemoteSwiftPackageReference section */

/* Begin XCSwiftPackageProductDependency section */
		61446FA72CE300340047ADCD /* RealmSwift */ = {
			isa = XCSwiftPackageProductDependency;
			package = 61446FA42CE300340047ADCD /* XCRemoteSwiftPackageReference "realm-swift" */;
			productName = RealmSwift;
		};
		61B239442D59D4AC00F82C59 /* ComposableArchitecture */ = {
			isa = XCSwiftPackageProductDependency;
			package = 61B239432D59D4AC00F82C59 /* XCRemoteSwiftPackageReference "swift-composable-architecture" */;
			productName = ComposableArchitecture;
		};
/* End XCSwiftPackageProductDependency section */
	};
	rootObject = 61FC77E32CD9FB5B00A2FADD /* Project object */;
}
